
Microsoft Visual Studio Solution File, Format Version 12.00
# Visual Studio Version 16
VisualStudioVersion = 16.0.30320.27
MinimumVisualStudioVersion = 10.0.40219.1
Project("{9A19103F-16F7-4668-BE54-9A1E7A4F7556}") = "WebAppTagHelper", "WebAppTagHelper.csproj", "{0534057D-96FD-4A94-9C29-611BA7A33C49}"
EndProject
Project("{9A19103F-16F7-4668-BE54-9A1E7A4F7556}") = "TagHelpersLib", "..\TagHelpersLib\TagHelpersLib.csproj", "{4A4B4809-27FE-4CF6-88BD-A0CD150D2F6F}"
EndProject
Global
	GlobalSection(SolutionConfigurationPlatforms) = preSolution
		Debug|Any CPU = Debug|Any CPU
		Release|Any CPU = Release|Any CPU
	EndGlobalSection
	GlobalSection(ProjectConfigurationPlatforms) = postSolution
		{0534057D-96FD-4A94-9C29-611BA7A33C49}.Debug|Any CPU.ActiveCfg = Debug|Any CPU
		{0534057D-96FD-4A94-9C29-611BA7A33C49}.Debug|Any CPU.Build.0 = Debug|Any CPU
		{0534057D-96FD-4A94-9C29-611BA7A33C49}.Release|Any CPU.ActiveCfg = Release|Any CPU
		{0534057D-96FD-4A94-9C29-611BA7A33C49}.Release|Any CPU.Build.0 = Release|Any CPU
		{4A4B4809-27FE-4CF6-88BD-A0CD150D2F6F}.Debug|Any CPU.ActiveCfg = Debug|Any CPU
		{4A4B4809-27FE-4CF6-88BD-A0CD150D2F6F}.Debug|Any CPU.Build.0 = Debug|Any CPU
		{4A4B4809-27FE-4CF6-88BD-A0CD150D2F6F}.Release|Any CPU.ActiveCfg = Release|Any CPU
		{4A4B4809-27FE-4CF6-88BD-A0CD150D2F6F}.Release|Any CPU.Build.0 = Release|Any CPU
	EndGlobalSection
	GlobalSection(SolutionProperties) = preSolution
		HideSolutionNode = FALSE
	EndGlobalSection
	GlobalSection(ExtensibilityGlobals) = postSolution
		SolutionGuid = {9CB7532D-C05E-412A-81B2-608E45939123}
	EndGlobalSection
EndGlobal
